
Microsoft Visual Studio Solution File, Format Version 12.00
# Visual Studio Version 16
VisualStudioVersion = 16.0.30114.105
MinimumVisualStudioVersion = 10.0.40219.1
Project("{FAE04EC0-301F-11D3-BF4B-00C04F79EFBC}") = "API", "API\API.csproj", "{3861F9EF-5DBD-40D2-8C02-B8DCAC2FFF1A}"
EndProject
Project("{FAE04EC0-301F-11D3-BF4B-00C04F79EFBC}") = "Application", "Application\Application.csproj", "{B8A6808D-F3D5-4534-AC6D-A053E38FB8CD}"
EndProject
Project("{FAE04EC0-301F-11D3-BF4B-00C04F79EFBC}") = "Persistence", "Persistence\Persistence.csproj", "{4F4DDF89-7F53-4450-9647-FC4F68DE0617}"
EndProject
Project("{FAE04EC0-301F-11D3-BF4B-00C04F79EFBC}") = "Domain", "Domain\Domain.csproj", "{83FED2EE-8A56-4DF7-A2AF-AF0F176560CA}"
EndProject
Global
	GlobalSection(SolutionConfigurationPlatforms) = preSolution
		Debug|Any CPU = Debug|Any CPU
		Debug|x64 = Debug|x64
		Debug|x86 = Debug|x86
		Release|Any CPU = Release|Any CPU
		Release|x64 = Release|x64
		Release|x86 = Release|x86
	EndGlobalSection
	GlobalSection(SolutionProperties) = preSolution
		HideSolutionNode = FALSE
	EndGlobalSection
	GlobalSection(ProjectConfigurationPlatforms) = postSolution
		{3861F9EF-5DBD-40D2-8C02-B8DCAC2FFF1A}.Debug|Any CPU.ActiveCfg = Debug|Any CPU
		{3861F9EF-5DBD-40D2-8C02-B8DCAC2FFF1A}.Debug|Any CPU.Build.0 = Debug|Any CPU
		{3861F9EF-5DBD-40D2-8C02-B8DCAC2FFF1A}.Debug|x64.ActiveCfg = Debug|Any CPU
		{3861F9EF-5DBD-40D2-8C02-B8DCAC2FFF1A}.Debug|x64.Build.0 = Debug|Any CPU
		{3861F9EF-5DBD-40D2-8C02-B8DCAC2FFF1A}.Debug|x86.ActiveCfg = Debug|Any CPU
		{3861F9EF-5DBD-40D2-8C02-B8DCAC2FFF1A}.Debug|x86.Build.0 = Debug|Any CPU
		{3861F9EF-5DBD-40D2-8C02-B8DCAC2FFF1A}.Release|Any CPU.ActiveCfg = Release|Any CPU
		{3861F9EF-5DBD-40D2-8C02-B8DCAC2FFF1A}.Release|Any CPU.Build.0 = Release|Any CPU
		{3861F9EF-5DBD-40D2-8C02-B8DCAC2FFF1A}.Release|x64.ActiveCfg = Release|Any CPU
		{3861F9EF-5DBD-40D2-8C02-B8DCAC2FFF1A}.Release|x64.Build.0 = Release|Any CPU
		{3861F9EF-5DBD-40D2-8C02-B8DCAC2FFF1A}.Release|x86.ActiveCfg = Release|Any CPU
		{3861F9EF-5DBD-40D2-8C02-B8DCAC2FFF1A}.Release|x86.Build.0 = Release|Any CPU
		{B8A6808D-F3D5-4534-AC6D-A053E38FB8CD}.Debug|Any CPU.ActiveCfg = Debug|Any CPU
		{B8A6808D-F3D5-4534-AC6D-A053E38FB8CD}.Debug|Any CPU.Build.0 = Debug|Any CPU
		{B8A6808D-F3D5-4534-AC6D-A053E38FB8CD}.Debug|x64.ActiveCfg = Debug|Any CPU
		{B8A6808D-F3D5-4534-AC6D-A053E38FB8CD}.Debug|x64.Build.0 = Debug|Any CPU
		{B8A6808D-F3D5-4534-AC6D-A053E38FB8CD}.Debug|x86.ActiveCfg = Debug|Any CPU
		{B8A6808D-F3D5-4534-AC6D-A053E38FB8CD}.Debug|x86.Build.0 = Debug|Any CPU
		{B8A6808D-F3D5-4534-AC6D-A053E38FB8CD}.Release|Any CPU.ActiveCfg = Release|Any CPU
		{B8A6808D-F3D5-4534-AC6D-A053E38FB8CD}.Release|Any CPU.Build.0 = Release|Any CPU
		{B8A6808D-F3D5-4534-AC6D-A053E38FB8CD}.Release|x64.ActiveCfg = Release|Any CPU
		{B8A6808D-F3D5-4534-AC6D-A053E38FB8CD}.Release|x64.Build.0 = Release|Any CPU
		{B8A6808D-F3D5-4534-AC6D-A053E38FB8CD}.Release|x86.ActiveCfg = Release|Any CPU
		{B8A6808D-F3D5-4534-AC6D-A053E38FB8CD}.Release|x86.Build.0 = Release|Any CPU
		{4F4DDF89-7F53-4450-9647-FC4F68DE0617}.Debug|Any CPU.ActiveCfg = Debug|Any CPU
		{4F4DDF89-7F53-4450-9647-FC4F68DE0617}.Debug|Any CPU.Build.0 = Debug|Any CPU
		{4F4DDF89-7F53-4450-9647-FC4F68DE0617}.Debug|x64.ActiveCfg = Debug|Any CPU
		{4F4DDF89-7F53-4450-9647-FC4F68DE0617}.Debug|x64.Build.0 = Debug|Any CPU
		{4F4DDF89-7F53-4450-9647-FC4F68DE0617}.Debug|x86.ActiveCfg = Debug|Any CPU
		{4F4DDF89-7F53-4450-9647-FC4F68DE0617}.Debug|x86.Build.0 = Debug|Any CPU
		{4F4DDF89-7F53-4450-9647-FC4F68DE0617}.Release|Any CPU.ActiveCfg = Release|Any CPU
		{4F4DDF89-7F53-4450-9647-FC4F68DE0617}.Release|Any CPU.Build.0 = Release|Any CPU
		{4F4DDF89-7F53-4450-9647-FC4F68DE0617}.Release|x64.ActiveCfg = Release|Any CPU
		{4F4DDF89-7F53-4450-9647-FC4F68DE0617}.Release|x64.Build.0 = Release|Any CPU
		{4F4DDF89-7F53-4450-9647-FC4F68DE0617}.Release|x86.ActiveCfg = Release|Any CPU
		{4F4DDF89-7F53-4450-9647-FC4F68DE0617}.Release|x86.Build.0 = Release|Any CPU
		{83FED2EE-8A56-4DF7-A2AF-AF0F176560CA}.Debug|Any CPU.ActiveCfg = Debug|Any CPU
		{83FED2EE-8A56-4DF7-A2AF-AF0F176560CA}.Debug|Any CPU.Build.0 = Debug|Any CPU
		{83FED2EE-8A56-4DF7-A2AF-AF0F176560CA}.Debug|x64.ActiveCfg = Debug|Any CPU
		{83FED2EE-8A56-4DF7-A2AF-AF0F176560CA}.Debug|x64.Build.0 = Debug|Any CPU
		{83FED2EE-8A56-4DF7-A2AF-AF0F176560CA}.Debug|x86.ActiveCfg = Debug|Any CPU
		{83FED2EE-8A56-4DF7-A2AF-AF0F176560CA}.Debug|x86.Build.0 = Debug|Any CPU
		{83FED2EE-8A56-4DF7-A2AF-AF0F176560CA}.Release|Any CPU.ActiveCfg = Release|Any CPU
		{83FED2EE-8A56-4DF7-A2AF-AF0F176560CA}.Release|Any CPU.Build.0 = Release|Any CPU
		{83FED2EE-8A56-4DF7-A2AF-AF0F176560CA}.Release|x64.ActiveCfg = Release|Any CPU
		{83FED2EE-8A56-4DF7-A2AF-AF0F176560CA}.Release|x64.Build.0 = Release|Any CPU
		{83FED2EE-8A56-4DF7-A2AF-AF0F176560CA}.Release|x86.ActiveCfg = Release|Any CPU
		{83FED2EE-8A56-4DF7-A2AF-AF0F176560CA}.Release|x86.Build.0 = Release|Any CPU
	EndGlobalSection
EndGlobal
